
Microsoft Visual Studio Solution File, Format Version 12.00
# Visual Studio Version 17
VisualStudioVersion = 17.5.2.0
MinimumVisualStudioVersion = 10.0.40219.1
Project("{FAE04EC0-301F-11D3-BF4B-00C04F79EFBC}") = "MeetingTranslator", "MeetingTranslator\MeetingTranslator.csproj", "{45F69500-5259-4355-80D3-788BD2DA0F2C}"
EndProject
Project("{FAE04EC0-301F-11D3-BF4B-00C04F79EFBC}") = "MeetingGoogle", "MeetingGoogle\MeetingGoogle.csproj", "{054559FF-E062-4D25-9157-C06B75503AE6}"
EndProject
Global
	GlobalSection(SolutionConfigurationPlatforms) = preSolution
		Debug|Any CPU = Debug|Any CPU
		Release|Any CPU = Release|Any CPU
	EndGlobalSection
	GlobalSection(ProjectConfigurationPlatforms) = postSolution
		{45F69500-5259-4355-80D3-788BD2DA0F2C}.Debug|Any CPU.ActiveCfg = Debug|Any CPU
		{45F69500-5259-4355-80D3-788BD2DA0F2C}.Debug|Any CPU.Build.0 = Debug|Any CPU
		{45F69500-5259-4355-80D3-788BD2DA0F2C}.Release|Any CPU.ActiveCfg = Release|Any CPU
		{45F69500-5259-4355-80D3-788BD2DA0F2C}.Release|Any CPU.Build.0 = Release|Any CPU
		{054559FF-E062-4D25-9157-C06B75503AE6}.Debug|Any CPU.ActiveCfg = Debug|Any CPU
		{054559FF-E062-4D25-9157-C06B75503AE6}.Debug|Any CPU.Build.0 = Debug|Any CPU
		{054559FF-E062-4D25-9157-C06B75503AE6}.Release|Any CPU.ActiveCfg = Release|Any CPU
		{054559FF-E062-4D25-9157-C06B75503AE6}.Release|Any CPU.Build.0 = Release|Any CPU
	EndGlobalSection
	GlobalSection(SolutionProperties) = preSolution
		HideSolutionNode = FALSE
	EndGlobalSection
	GlobalSection(ExtensibilityGlobals) = postSolution
		SolutionGuid = {ACD7FAB3-7389-4291-8524-A0AA7D55986B}
	EndGlobalSection
EndGlobal
